
Microsoft Visual Studio Solution File, Format Version 12.00
# Visual Studio Version 16
VisualStudioVersion = 16.0.30523.141
MinimumVisualStudioVersion = 10.0.40219.1
Project("{FAE04EC0-301F-11D3-BF4B-00C04F79EFBC}") = "calculator", "calculator\calculator.csproj", "{48790225-D614-4D06-9E0C-39DEE38E51B7}"
EndProject
Global
	GlobalSection(SolutionConfigurationPlatforms) = preSolution
		Debug|Any CPU = Debug|Any CPU
		Release|Any CPU = Release|Any CPU
	EndGlobalSection
	GlobalSection(ProjectConfigurationPlatforms) = postSolution
		{48790225-D614-4D06-9E0C-39DEE38E51B7}.Debug|Any CPU.ActiveCfg = Debug|Any CPU
		{48790225-D614-4D06-9E0C-39DEE38E51B7}.Debug|Any CPU.Build.0 = Debug|Any CPU
		{48790225-D614-4D06-9E0C-39DEE38E51B7}.Release|Any CPU.ActiveCfg = Release|Any CPU
		{48790225-D614-4D06-9E0C-39DEE38E51B7}.Release|Any CPU.Build.0 = Release|Any CPU
	EndGlobalSection
	GlobalSection(SolutionProperties) = preSolution
		HideSolutionNode = FALSE
	EndGlobalSection
	GlobalSection(ExtensibilityGlobals) = postSolution
		SolutionGuid = {6022E378-5342-4BB1-A614-A2119E9022F9}
	EndGlobalSection
EndGlobal
